
Microsoft Visual Studio Solution File, Format Version 12.00
# Visual Studio Version 16
VisualStudioVersion = 16.0.31129.286
MinimumVisualStudioVersion = 10.0.40219.1
Project("{FAE04EC0-301F-11D3-BF4B-00C04F79EFBC}") = "cjm_example_code_runner", "cjm_example_code_runner.csproj", "{A14AA515-E5A7-421F-901E-F5D5594814B0}"
EndProject
Global
	GlobalSection(SolutionConfigurationPlatforms) = preSolution
		Debug|Any CPU = Debug|Any CPU
		Release|Any CPU = Release|Any CPU
	EndGlobalSection
	GlobalSection(ProjectConfigurationPlatforms) = postSolution
		{A14AA515-E5A7-421F-901E-F5D5594814B0}.Debug|Any CPU.ActiveCfg = Debug|Any CPU
		{A14AA515-E5A7-421F-901E-F5D5594814B0}.Debug|Any CPU.Build.0 = Debug|Any CPU
		{A14AA515-E5A7-421F-901E-F5D5594814B0}.Release|Any CPU.ActiveCfg = Release|Any CPU
		{A14AA515-E5A7-421F-901E-F5D5594814B0}.Release|Any CPU.Build.0 = Release|Any CPU
	EndGlobalSection
	GlobalSection(SolutionProperties) = preSolution
		HideSolutionNode = FALSE
	EndGlobalSection
	GlobalSection(ExtensibilityGlobals) = postSolution
		SolutionGuid = {EEB767CC-744D-4580-A253-A5ACB5CEF793}
	EndGlobalSection
EndGlobal
